
Microsoft Visual Studio Solution File, Format Version 12.00
# Visual Studio Version 17
VisualStudioVersion = 17.5.33530.505
MinimumVisualStudioVersion = 10.0.40219.1
Project("{FAE04EC0-301F-11D3-BF4B-00C04F79EFBC}") = "Vetor_mesa", "Vetor_mesa\Vetor_mesa.csproj", "{46FB3534-9DF4-43E0-A42C-5F19617CA098}"
EndProject
Global
	GlobalSection(SolutionConfigurationPlatforms) = preSolution
		Debug|Any CPU = Debug|Any CPU
		Release|Any CPU = Release|Any CPU
	EndGlobalSection
	GlobalSection(ProjectConfigurationPlatforms) = postSolution
		{46FB3534-9DF4-43E0-A42C-5F19617CA098}.Debug|Any CPU.ActiveCfg = Debug|Any CPU
		{46FB3534-9DF4-43E0-A42C-5F19617CA098}.Debug|Any CPU.Build.0 = Debug|Any CPU
		{46FB3534-9DF4-43E0-A42C-5F19617CA098}.Release|Any CPU.ActiveCfg = Release|Any CPU
		{46FB3534-9DF4-43E0-A42C-5F19617CA098}.Release|Any CPU.Build.0 = Release|Any CPU
	EndGlobalSection
	GlobalSection(SolutionProperties) = preSolution
		HideSolutionNode = FALSE
	EndGlobalSection
	GlobalSection(ExtensibilityGlobals) = postSolution
		SolutionGuid = {3C32B9EC-6A26-48DE-AA4D-FCD1FF6BAB3E}
	EndGlobalSection
EndGlobal
