
Microsoft Visual Studio Solution File, Format Version 12.00
# Visual Studio Version 17
VisualStudioVersion = 17.5.33530.505
MinimumVisualStudioVersion = 10.0.40219.1
Project("{FAE04EC0-301F-11D3-BF4B-00C04F79EFBC}") = "Vetor_loop", "Vetor_loop\Vetor_loop.csproj", "{5C24D209-5781-49A1-8875-4E2D587D0F97}"
EndProject
Global
	GlobalSection(SolutionConfigurationPlatforms) = preSolution
		Debug|Any CPU = Debug|Any CPU
		Release|Any CPU = Release|Any CPU
	EndGlobalSection
	GlobalSection(ProjectConfigurationPlatforms) = postSolution
		{5C24D209-5781-49A1-8875-4E2D587D0F97}.Debug|Any CPU.ActiveCfg = Debug|Any CPU
		{5C24D209-5781-49A1-8875-4E2D587D0F97}.Debug|Any CPU.Build.0 = Debug|Any CPU
		{5C24D209-5781-49A1-8875-4E2D587D0F97}.Release|Any CPU.ActiveCfg = Release|Any CPU
		{5C24D209-5781-49A1-8875-4E2D587D0F97}.Release|Any CPU.Build.0 = Release|Any CPU
	EndGlobalSection
	GlobalSection(SolutionProperties) = preSolution
		HideSolutionNode = FALSE
	EndGlobalSection
	GlobalSection(ExtensibilityGlobals) = postSolution
		SolutionGuid = {5DD3227F-096A-4241-9028-B6C8AFC128E0}
	EndGlobalSection
EndGlobal
